
Microsoft Visual Studio Solution File, Format Version 12.00
# Visual Studio Version 17
VisualStudioVersion = 17.10.34928.147
MinimumVisualStudioVersion = 10.0.40219.1
Project("{9A19103F-16F7-4668-BE54-9A1E7A4F7556}") = "PayZe.Shared", "PayZe.Shared\PayZe.Shared.csproj", "{B768E67A-D8A6-4ED3-8E6F-16F22E73C837}"
EndProject
Project("{9A19103F-16F7-4668-BE54-9A1E7A4F7556}") = "PayZe.Identity.Api", "PayZE.Company.API\PayZe.Identity.Api.csproj", "{7D4CE680-9350-4FFD-A509-9FD8FF9FC848}"
EndProject
Project("{2150E333-8FDC-42A3-9474-1A3956D46DE8}") = "Identity", "Identity", "{D0AA103F-FDC0-4B1A-B52F-75AF6BACB1AD}"
EndProject
Project("{9A19103F-16F7-4668-BE54-9A1E7A4F7556}") = "PayZe.Identity.Application", "PayZe.Identity.Application\PayZe.Identity.Application.csproj", "{2A4FC432-7D01-4154-8052-98D07AB0A741}"
EndProject
Project("{9A19103F-16F7-4668-BE54-9A1E7A4F7556}") = "PayZe.Identity.Infrastructure", "PayZe.Identity.Infrastructure\PayZe.Identity.Infrastructure.csproj", "{32F5B798-1066-4FFC-8E4B-796B81CE48F5}"
EndProject
Project("{9A19103F-16F7-4668-BE54-9A1E7A4F7556}") = "PayZe.Identity.Domain", "PayZe.Identity.Domain\PayZe.Identity.Domain.csproj", "{778ACD59-C8B1-413D-8174-723736677489}"
EndProject
Project("{9A19103F-16F7-4668-BE54-9A1E7A4F7556}") = "PayZe.Identity.RabbitMq", "PayZe.Identity.RabbitMq\PayZe.Identity.RabbitMq.csproj", "{10031A25-D39B-458C-882C-FD2986BF1E0B}"
EndProject
Project("{9A19103F-16F7-4668-BE54-9A1E7A4F7556}") = "PayZe.Contracts", "PayZe.Contracts\PayZe.Contracts.csproj", "{A489F471-8E7B-4590-A390-4A2F8729F5CE}"
EndProject
Project("{2150E333-8FDC-42A3-9474-1A3956D46DE8}") = "Order", "Order", "{FBD5043F-CF50-4266-92C6-80AAE81D6077}"
EndProject
Project("{9A19103F-16F7-4668-BE54-9A1E7A4F7556}") = "PayZe.Orders.RabbitMq", "PayZe.Orders.RabbitMq\PayZe.Orders.RabbitMq.csproj", "{EF6257CA-FF9C-4668-95EF-1711560696E0}"
EndProject
Project("{9A19103F-16F7-4668-BE54-9A1E7A4F7556}") = "PayZe.Orders.Infrastructure", "PayZe.Orders.Infrastructure\PayZe.Orders.Infrastructure.csproj", "{1A212298-7A1C-4FEF-8B97-ADD3F21BA6FA}"
EndProject
Project("{9A19103F-16F7-4668-BE54-9A1E7A4F7556}") = "PayZe.Orders.Application", "PayZe.Orders.Application\PayZe.Orders.Application.csproj", "{81E7F859-C426-4B22-A366-D69312288782}"
EndProject
Project("{9A19103F-16F7-4668-BE54-9A1E7A4F7556}") = "PayZe.Orders.Api", "PayZe.Orders.Api\PayZe.Orders.Api.csproj", "{F8A16FA4-9E5D-481D-BE26-AC818AA8FC07}"
EndProject
Project("{9A19103F-16F7-4668-BE54-9A1E7A4F7556}") = "PayZe.Orders.Domain", "PayZe.Orders.Domain\PayZe.Orders.Domain.csproj", "{E7C5D976-3DD9-40E0-A722-58D31ECBBFCB}"
EndProject
Project("{2150E333-8FDC-42A3-9474-1A3956D46DE8}") = "Src", "Src", "{0D8E8DF1-B0EB-4DE4-997E-86768E59D2C9}"
EndProject
Project("{2150E333-8FDC-42A3-9474-1A3956D46DE8}") = "Payment", "Payment", "{5F818D9D-CF9B-4067-8B9E-4731FE18D8F6}"
EndProject
Project("{9A19103F-16F7-4668-BE54-9A1E7A4F7556}") = "PayZe.Payment.RabbitMq", "PayZe.Payment.RabbitMq\PayZe.Payment.RabbitMq.csproj", "{956B1738-22AA-4FE2-ABEE-25E629C6E7F9}"
EndProject
Project("{9A19103F-16F7-4668-BE54-9A1E7A4F7556}") = "PayZe.Payment.Infrastructure", "PayZe.Payment.Infrastructure\PayZe.Payment.Infrastructure.csproj", "{288B37A6-E619-450A-9A51-BC085DF4A4AF}"
EndProject
Project("{9A19103F-16F7-4668-BE54-9A1E7A4F7556}") = "PayZe.Payment.Domain", "PayZe.Payment.Domain\PayZe.Payment.Domain.csproj", "{8EADC460-1954-4CFB-AA1B-5DA3C32D7AA5}"
EndProject
Project("{9A19103F-16F7-4668-BE54-9A1E7A4F7556}") = "PayZe.Payment.Application", "PayZe.Payment.Application\PayZe.Payment.Application.csproj", "{ABFBE19B-07ED-4352-9D7B-3279FEECF940}"
EndProject
Project("{9A19103F-16F7-4668-BE54-9A1E7A4F7556}") = "PayZe.Payment.Api", "PayZe.Payment.Api\PayZe.Payment.Api.csproj", "{218485A7-A6CD-42F9-9CF8-D007D8027201}"
EndProject
Project("{2150E333-8FDC-42A3-9474-1A3956D46DE8}") = "Solution Items", "Solution Items", "{FA628D1A-93A2-45D0-91FB-8ECB93AB1C4E}"
EndProject
Project("{E53339B2-1760-4266-BCC7-CA923CBCF16C}") = "docker-compose", "docker-compose.dcproj", "{5DDCD36B-070E-4BB0-B1DC-A9C16092B6C2}"
EndProject
Global
	GlobalSection(SolutionConfigurationPlatforms) = preSolution
		Debug|Any CPU = Debug|Any CPU
		Release|Any CPU = Release|Any CPU
	EndGlobalSection
	GlobalSection(ProjectConfigurationPlatforms) = postSolution
		{B768E67A-D8A6-4ED3-8E6F-16F22E73C837}.Debug|Any CPU.ActiveCfg = Debug|Any CPU
		{B768E67A-D8A6-4ED3-8E6F-16F22E73C837}.Debug|Any CPU.Build.0 = Debug|Any CPU
		{B768E67A-D8A6-4ED3-8E6F-16F22E73C837}.Release|Any CPU.ActiveCfg = Release|Any CPU
		{B768E67A-D8A6-4ED3-8E6F-16F22E73C837}.Release|Any CPU.Build.0 = Release|Any CPU
		{7D4CE680-9350-4FFD-A509-9FD8FF9FC848}.Debug|Any CPU.ActiveCfg = Debug|Any CPU
		{7D4CE680-9350-4FFD-A509-9FD8FF9FC848}.Debug|Any CPU.Build.0 = Debug|Any CPU
		{7D4CE680-9350-4FFD-A509-9FD8FF9FC848}.Release|Any CPU.ActiveCfg = Release|Any CPU
		{7D4CE680-9350-4FFD-A509-9FD8FF9FC848}.Release|Any CPU.Build.0 = Release|Any CPU
		{2A4FC432-7D01-4154-8052-98D07AB0A741}.Debug|Any CPU.ActiveCfg = Debug|Any CPU
		{2A4FC432-7D01-4154-8052-98D07AB0A741}.Debug|Any CPU.Build.0 = Debug|Any CPU
		{2A4FC432-7D01-4154-8052-98D07AB0A741}.Release|Any CPU.ActiveCfg = Release|Any CPU
		{2A4FC432-7D01-4154-8052-98D07AB0A741}.Release|Any CPU.Build.0 = Release|Any CPU
		{32F5B798-1066-4FFC-8E4B-796B81CE48F5}.Debug|Any CPU.ActiveCfg = Debug|Any CPU
		{32F5B798-1066-4FFC-8E4B-796B81CE48F5}.Debug|Any CPU.Build.0 = Debug|Any CPU
		{32F5B798-1066-4FFC-8E4B-796B81CE48F5}.Release|Any CPU.ActiveCfg = Release|Any CPU
		{32F5B798-1066-4FFC-8E4B-796B81CE48F5}.Release|Any CPU.Build.0 = Release|Any CPU
		{778ACD59-C8B1-413D-8174-723736677489}.Debug|Any CPU.ActiveCfg = Debug|Any CPU
		{778ACD59-C8B1-413D-8174-723736677489}.Debug|Any CPU.Build.0 = Debug|Any CPU
		{778ACD59-C8B1-413D-8174-723736677489}.Release|Any CPU.ActiveCfg = Release|Any CPU
		{778ACD59-C8B1-413D-8174-723736677489}.Release|Any CPU.Build.0 = Release|Any CPU
		{10031A25-D39B-458C-882C-FD2986BF1E0B}.Debug|Any CPU.ActiveCfg = Debug|Any CPU
		{10031A25-D39B-458C-882C-FD2986BF1E0B}.Debug|Any CPU.Build.0 = Debug|Any CPU
		{10031A25-D39B-458C-882C-FD2986BF1E0B}.Release|Any CPU.ActiveCfg = Release|Any CPU
		{10031A25-D39B-458C-882C-FD2986BF1E0B}.Release|Any CPU.Build.0 = Release|Any CPU
		{A489F471-8E7B-4590-A390-4A2F8729F5CE}.Debug|Any CPU.ActiveCfg = Debug|Any CPU
		{A489F471-8E7B-4590-A390-4A2F8729F5CE}.Debug|Any CPU.Build.0 = Debug|Any CPU
		{A489F471-8E7B-4590-A390-4A2F8729F5CE}.Release|Any CPU.ActiveCfg = Release|Any CPU
		{A489F471-8E7B-4590-A390-4A2F8729F5CE}.Release|Any CPU.Build.0 = Release|Any CPU
		{EF6257CA-FF9C-4668-95EF-1711560696E0}.Debug|Any CPU.ActiveCfg = Debug|Any CPU
		{EF6257CA-FF9C-4668-95EF-1711560696E0}.Debug|Any CPU.Build.0 = Debug|Any CPU
		{EF6257CA-FF9C-4668-95EF-1711560696E0}.Release|Any CPU.ActiveCfg = Release|Any CPU
		{EF6257CA-FF9C-4668-95EF-1711560696E0}.Release|Any CPU.Build.0 = Release|Any CPU
		{1A212298-7A1C-4FEF-8B97-ADD3F21BA6FA}.Debug|Any CPU.ActiveCfg = Debug|Any CPU
		{1A212298-7A1C-4FEF-8B97-ADD3F21BA6FA}.Debug|Any CPU.Build.0 = Debug|Any CPU
		{1A212298-7A1C-4FEF-8B97-ADD3F21BA6FA}.Release|Any CPU.ActiveCfg = Release|Any CPU
		{1A212298-7A1C-4FEF-8B97-ADD3F21BA6FA}.Release|Any CPU.Build.0 = Release|Any CPU
		{81E7F859-C426-4B22-A366-D69312288782}.Debug|Any CPU.ActiveCfg = Debug|Any CPU
		{81E7F859-C426-4B22-A366-D69312288782}.Debug|Any CPU.Build.0 = Debug|Any CPU
		{81E7F859-C426-4B22-A366-D69312288782}.Release|Any CPU.ActiveCfg = Release|Any CPU
		{81E7F859-C426-4B22-A366-D69312288782}.Release|Any CPU.Build.0 = Release|Any CPU
		{F8A16FA4-9E5D-481D-BE26-AC818AA8FC07}.Debug|Any CPU.ActiveCfg = Debug|Any CPU
		{F8A16FA4-9E5D-481D-BE26-AC818AA8FC07}.Debug|Any CPU.Build.0 = Debug|Any CPU
		{F8A16FA4-9E5D-481D-BE26-AC818AA8FC07}.Release|Any CPU.ActiveCfg = Release|Any CPU
		{F8A16FA4-9E5D-481D-BE26-AC818AA8FC07}.Release|Any CPU.Build.0 = Release|Any CPU
		{E7C5D976-3DD9-40E0-A722-58D31ECBBFCB}.Debug|Any CPU.ActiveCfg = Debug|Any CPU
		{E7C5D976-3DD9-40E0-A722-58D31ECBBFCB}.Debug|Any CPU.Build.0 = Debug|Any CPU
		{E7C5D976-3DD9-40E0-A722-58D31ECBBFCB}.Release|Any CPU.ActiveCfg = Release|Any CPU
		{E7C5D976-3DD9-40E0-A722-58D31ECBBFCB}.Release|Any CPU.Build.0 = Release|Any CPU
		{956B1738-22AA-4FE2-ABEE-25E629C6E7F9}.Debug|Any CPU.ActiveCfg = Debug|Any CPU
		{956B1738-22AA-4FE2-ABEE-25E629C6E7F9}.Debug|Any CPU.Build.0 = Debug|Any CPU
		{956B1738-22AA-4FE2-ABEE-25E629C6E7F9}.Release|Any CPU.ActiveCfg = Release|Any CPU
		{956B1738-22AA-4FE2-ABEE-25E629C6E7F9}.Release|Any CPU.Build.0 = Release|Any CPU
		{288B37A6-E619-450A-9A51-BC085DF4A4AF}.Debug|Any CPU.ActiveCfg = Debug|Any CPU
		{288B37A6-E619-450A-9A51-BC085DF4A4AF}.Debug|Any CPU.Build.0 = Debug|Any CPU
		{288B37A6-E619-450A-9A51-BC085DF4A4AF}.Release|Any CPU.ActiveCfg = Release|Any CPU
		{288B37A6-E619-450A-9A51-BC085DF4A4AF}.Release|Any CPU.Build.0 = Release|Any CPU
		{8EADC460-1954-4CFB-AA1B-5DA3C32D7AA5}.Debug|Any CPU.ActiveCfg = Debug|Any CPU
		{8EADC460-1954-4CFB-AA1B-5DA3C32D7AA5}.Debug|Any CPU.Build.0 = Debug|Any CPU
		{8EADC460-1954-4CFB-AA1B-5DA3C32D7AA5}.Release|Any CPU.ActiveCfg = Release|Any CPU
		{8EADC460-1954-4CFB-AA1B-5DA3C32D7AA5}.Release|Any CPU.Build.0 = Release|Any CPU
		{ABFBE19B-07ED-4352-9D7B-3279FEECF940}.Debug|Any CPU.ActiveCfg = Debug|Any CPU
		{ABFBE19B-07ED-4352-9D7B-3279FEECF940}.Debug|Any CPU.Build.0 = Debug|Any CPU
		{ABFBE19B-07ED-4352-9D7B-3279FEECF940}.Release|Any CPU.ActiveCfg = Release|Any CPU
		{ABFBE19B-07ED-4352-9D7B-3279FEECF940}.Release|Any CPU.Build.0 = Release|Any CPU
		{218485A7-A6CD-42F9-9CF8-D007D8027201}.Debug|Any CPU.ActiveCfg = Debug|Any CPU
		{218485A7-A6CD-42F9-9CF8-D007D8027201}.Debug|Any CPU.Build.0 = Debug|Any CPU
		{218485A7-A6CD-42F9-9CF8-D007D8027201}.Release|Any CPU.ActiveCfg = Release|Any CPU
		{218485A7-A6CD-42F9-9CF8-D007D8027201}.Release|Any CPU.Build.0 = Release|Any CPU
		{5DDCD36B-070E-4BB0-B1DC-A9C16092B6C2}.Debug|Any CPU.ActiveCfg = Debug|Any CPU
		{5DDCD36B-070E-4BB0-B1DC-A9C16092B6C2}.Debug|Any CPU.Build.0 = Debug|Any CPU
		{5DDCD36B-070E-4BB0-B1DC-A9C16092B6C2}.Release|Any CPU.ActiveCfg = Release|Any CPU
		{5DDCD36B-070E-4BB0-B1DC-A9C16092B6C2}.Release|Any CPU.Build.0 = Release|Any CPU
	EndGlobalSection
	GlobalSection(SolutionProperties) = preSolution
		HideSolutionNode = FALSE
	EndGlobalSection
	GlobalSection(NestedProjects) = preSolution
		{B768E67A-D8A6-4ED3-8E6F-16F22E73C837} = {0D8E8DF1-B0EB-4DE4-997E-86768E59D2C9}
		{7D4CE680-9350-4FFD-A509-9FD8FF9FC848} = {D0AA103F-FDC0-4B1A-B52F-75AF6BACB1AD}
		{D0AA103F-FDC0-4B1A-B52F-75AF6BACB1AD} = {0D8E8DF1-B0EB-4DE4-997E-86768E59D2C9}
		{2A4FC432-7D01-4154-8052-98D07AB0A741} = {D0AA103F-FDC0-4B1A-B52F-75AF6BACB1AD}
		{32F5B798-1066-4FFC-8E4B-796B81CE48F5} = {D0AA103F-FDC0-4B1A-B52F-75AF6BACB1AD}
		{778ACD59-C8B1-413D-8174-723736677489} = {D0AA103F-FDC0-4B1A-B52F-75AF6BACB1AD}
		{10031A25-D39B-458C-882C-FD2986BF1E0B} = {D0AA103F-FDC0-4B1A-B52F-75AF6BACB1AD}
		{A489F471-8E7B-4590-A390-4A2F8729F5CE} = {0D8E8DF1-B0EB-4DE4-997E-86768E59D2C9}
		{FBD5043F-CF50-4266-92C6-80AAE81D6077} = {0D8E8DF1-B0EB-4DE4-997E-86768E59D2C9}
		{EF6257CA-FF9C-4668-95EF-1711560696E0} = {FBD5043F-CF50-4266-92C6-80AAE81D6077}
		{1A212298-7A1C-4FEF-8B97-ADD3F21BA6FA} = {FBD5043F-CF50-4266-92C6-80AAE81D6077}
		{81E7F859-C426-4B22-A366-D69312288782} = {FBD5043F-CF50-4266-92C6-80AAE81D6077}
		{F8A16FA4-9E5D-481D-BE26-AC818AA8FC07} = {FBD5043F-CF50-4266-92C6-80AAE81D6077}
		{E7C5D976-3DD9-40E0-A722-58D31ECBBFCB} = {FBD5043F-CF50-4266-92C6-80AAE81D6077}
		{5F818D9D-CF9B-4067-8B9E-4731FE18D8F6} = {0D8E8DF1-B0EB-4DE4-997E-86768E59D2C9}
		{956B1738-22AA-4FE2-ABEE-25E629C6E7F9} = {5F818D9D-CF9B-4067-8B9E-4731FE18D8F6}
		{288B37A6-E619-450A-9A51-BC085DF4A4AF} = {5F818D9D-CF9B-4067-8B9E-4731FE18D8F6}
		{8EADC460-1954-4CFB-AA1B-5DA3C32D7AA5} = {5F818D9D-CF9B-4067-8B9E-4731FE18D8F6}
		{ABFBE19B-07ED-4352-9D7B-3279FEECF940} = {5F818D9D-CF9B-4067-8B9E-4731FE18D8F6}
		{218485A7-A6CD-42F9-9CF8-D007D8027201} = {5F818D9D-CF9B-4067-8B9E-4731FE18D8F6}
		{5DDCD36B-070E-4BB0-B1DC-A9C16092B6C2} = {FA628D1A-93A2-45D0-91FB-8ECB93AB1C4E}
	EndGlobalSection
	GlobalSection(ExtensibilityGlobals) = postSolution
		SolutionGuid = {16C34339-8B00-4C0A-8452-14F380C7E32D}
	EndGlobalSection
EndGlobal
